{
  "name": "graphie-to-png",
  "version": "1.0.0",
  "lockfileVersion": 2,
  "requires": true,
  "packages": {
    "": {
      "name": "graphie-to-png",
      "version": "1.0.0",
      "dependencies": {
        "@khanacademy/mathjax-renderer": "git+ssh://git@github.com:Khan/mathjax-renderer.git#v1.3.0",
        "svgo": "^0.7.1"
      }
    },
    "node_modules/@khanacademy/mathjax-renderer": {
      "version": "1.3.0",
      "resolved": "git+ssh://git@github.com/Khan/mathjax-renderer.git#ea3507a6e037760874a5abb898f105add741934d",
      "dependencies": {
        "mathjax-full": "3.2.2",
        "mu-lambda": "^0.0.3"
      }
    },
    "node_modules/ansi-regex": {
      "version": "2.1.1",
      "license": "MIT",
      "engines": {
        "node": ">=0.10.0"
      }
    },
    "node_modules/ansi-styles": {
      "version": "2.2.1",
      "license": "MIT",
      "engines": {
        "node": ">=0.10.0"
      }
    },
    "node_modules/argparse": {
      "version": "1.0.10",
      "license": "MIT",
      "dependencies": {
        "sprintf-js": "~1.0.2"
      }
    },
    "node_modules/chalk": {
      "version": "1.1.3",
      "license": "MIT",
      "dependencies": {
        "ansi-styles": "^2.2.1",
        "escape-string-regexp": "^1.0.2",
        "has-ansi": "^2.0.0",
        "strip-ansi": "^3.0.0",
        "supports-color": "^2.0.0"
      },
      "engines": {
        "node": ">=0.10.0"
      }
    },
    "node_modules/clap": {
      "version": "1.2.3",
      "license": "MIT",
      "dependencies": {
        "chalk": "^1.1.3"
      },
      "engines": {
        "node": ">=0.10.0"
      }
    },
    "node_modules/coa": {
      "version": "1.0.4",
      "dependencies": {
        "q": "^1.1.2"
      },
      "engines": {
        "node": ">= 0.8.0"
      }
    },
    "node_modules/colors": {
      "version": "1.1.2",
      "license": "MIT",
      "engines": {
        "node": ">=0.1.90"
      }
    },
    "node_modules/csso": {
      "version": "2.3.2",
      "license": "MIT",
      "dependencies": {
        "clap": "^1.0.9",
        "source-map": "^0.5.3"
      },
      "bin": {
        "csso": "bin/csso"
      },
      "engines": {
        "node": ">=0.10.0"
      }
    },
    "node_modules/escape-string-regexp": {
      "version": "1.0.5",
      "license": "MIT",
      "engines": {
        "node": ">=0.8.0"
      }
    },
    "node_modules/esm": {
      "version": "3.2.25",
      "resolved": "https://registry.npmjs.org/esm/-/esm-3.2.25.tgz",
      "integrity": "sha512-U1suiZ2oDVWv4zPO56S0NcR5QriEahGtdN2OR6FiOG4WJvcjBVFB0qI4+eKoWFH483PKGuLuu6V8Z4T5g63UVA==",
      "engines": {
        "node": ">=6"
      }
    },
    "node_modules/esprima": {
      "version": "2.7.3",
      "license": "BSD-2-Clause",
      "bin": {
        "esparse": "bin/esparse.js",
        "esvalidate": "bin/esvalidate.js"
      },
      "engines": {
        "node": ">=0.10.0"
      }
    },
    "node_modules/has-ansi": {
      "version": "2.0.0",
      "license": "MIT",
      "dependencies": {
        "ansi-regex": "^2.0.0"
      },
      "engines": {
        "node": ">=0.10.0"
      }
    },
    "node_modules/js-yaml": {
      "version": "3.7.0",
      "license": "MIT",
      "dependencies": {
        "argparse": "^1.0.7",
        "esprima": "^2.6.0"
      },
      "bin": {
        "js-yaml": "bin/js-yaml.js"
      }
    },
    "node_modules/mathjax-full": {
      "version": "3.2.2",
      "resolved": "https://registry.npmjs.org/mathjax-full/-/mathjax-full-3.2.2.tgz",
      "integrity": "sha512-+LfG9Fik+OuI8SLwsiR02IVdjcnRCy5MufYLi0C3TdMT56L/pjB0alMVGgoWJF8pN9Rc7FESycZB9BMNWIid5w==",
      "dependencies": {
        "esm": "^3.2.25",
        "mhchemparser": "^4.1.0",
        "mj-context-menu": "^0.6.1",
        "speech-rule-engine": "^4.0.6"
      }
    },
    "node_modules/mhchemparser": {
      "version": "4.2.1",
      "resolved": "https://registry.npmjs.org/mhchemparser/-/mhchemparser-4.2.1.tgz",
      "integrity": "sha512-kYmyrCirqJf3zZ9t/0wGgRZ4/ZJw//VwaRVGA75C4nhE60vtnIzhl9J9ndkX/h6hxSN7pjg/cE0VxbnNM+bnDQ=="
    },
    "node_modules/minimist": {
      "version": "1.2.8",
      "license": "MIT",
      "funding": {
        "url": "https://github.com/sponsors/ljharb"
      }
    },
    "node_modules/mj-context-menu": {
      "version": "0.6.1",
      "resolved": "https://registry.npmjs.org/mj-context-menu/-/mj-context-menu-0.6.1.tgz",
      "integrity": "sha512-7NO5s6n10TIV96d4g2uDpG7ZDpIhMh0QNfGdJw/W47JswFcosz457wqz/b5sAKvl12sxINGFCn80NZHKwxQEXA=="
    },
    "node_modules/mkdirp": {
      "version": "0.5.6",
      "license": "MIT",
      "dependencies": {
        "minimist": "^1.2.6"
      },
      "bin": {
        "mkdirp": "bin/cmd.js"
      }
    },
    "node_modules/mu-lambda": {
      "version": "0.0.3",
      "resolved": "https://registry.npmjs.org/mu-lambda/-/mu-lambda-0.0.3.tgz",
      "integrity": "sha512-t5mnn/RizL/UCERDxqFQyIEMhjAbq+xohNW/hZzL40NRxkhmXIlDyjK59tj41ltPgXOtpE/w1wAiqvnOhF13og=="
    },
    "node_modules/q": {
      "version": "1.5.1",
      "license": "MIT",
      "engines": {
        "node": ">=0.6.0",
        "teleport": ">=0.2.0"
      }
    },
    "node_modules/sax": {
      "version": "1.2.4",
      "license": "ISC"
    },
    "node_modules/source-map": {
      "version": "0.5.7",
      "license": "BSD-3-Clause",
      "engines": {
        "node": ">=0.10.0"
      }
    },
    "node_modules/speech-rule-engine": {
      "version": "4.0.7",
      "resolved": "https://registry.npmjs.org/speech-rule-engine/-/speech-rule-engine-4.0.7.tgz",
      "integrity": "sha512-sJrL3/wHzNwJRLBdf6CjJWIlxC04iYKkyXvYSVsWVOiC2DSkHmxsqOhEeMsBA9XK+CHuNcsdkbFDnoUfAsmp9g==",
      "dependencies": {
        "commander": "9.2.0",
        "wicked-good-xpath": "1.3.0",
        "xmldom-sre": "0.1.31"
      },
      "bin": {
        "sre": "bin/sre"
      }
    },
    "node_modules/speech-rule-engine/node_modules/commander": {
      "version": "9.2.0",
      "resolved": "https://registry.npmjs.org/commander/-/commander-9.2.0.tgz",
      "integrity": "sha512-e2i4wANQiSXgnrBlIatyHtP1odfUp0BbV5Y5nEGbxtIrStkEOAAzCUirvLBNXHLr7kwLvJl6V+4V3XV9x7Wd9w==",
      "engines": {
        "node": "^12.20.0 || >=14"
      }
    },
    "node_modules/sprintf-js": {
      "version": "1.0.3",
      "license": "BSD-3-Clause"
    },
    "node_modules/strip-ansi": {
      "version": "3.0.1",
      "license": "MIT",
      "dependencies": {
        "ansi-regex": "^2.0.0"
      },
      "engines": {
        "node": ">=0.10.0"
      }
    },
    "node_modules/supports-color": {
      "version": "2.0.0",
      "license": "MIT",
      "engines": {
        "node": ">=0.8.0"
      }
    },
    "node_modules/svgo": {
      "version": "0.7.2",
      "license": "MIT",
      "dependencies": {
        "coa": "~1.0.1",
        "colors": "~1.1.2",
        "csso": "~2.3.1",
        "js-yaml": "~3.7.0",
        "mkdirp": "~0.5.1",
        "sax": "~1.2.1",
        "whet.extend": "~0.9.9"
      },
      "bin": {
        "svgo": "bin/svgo"
      },
      "engines": {
        "node": ">=0.10.0"
      }
    },
    "node_modules/whet.extend": {
      "version": "0.9.9",
      "license": "MIT",
      "engines": {
        "node": ">=0.6.0"
      }
    },
    "node_modules/wicked-good-xpath": {
      "version": "1.3.0",
      "resolved": "https://registry.npmjs.org/wicked-good-xpath/-/wicked-good-xpath-1.3.0.tgz",
      "integrity": "sha512-Gd9+TUn5nXdwj/hFsPVx5cuHHiF5Bwuc30jZ4+ronF1qHK5O7HD0sgmXWSEgwKquT3ClLoKPVbO6qGwVwLzvAw=="
    },
    "node_modules/xmldom-sre": {
      "version": "0.1.31",
      "resolved": "https://registry.npmjs.org/xmldom-sre/-/xmldom-sre-0.1.31.tgz",
      "integrity": "sha512-f9s+fUkX04BxQf+7mMWAp5zk61pciie+fFLC9hX9UVvCeJQfNHRHXpeo5MPcR0EUf57PYLdt+ZO4f3Ipk2oZUw==",
      "engines": {
        "node": ">=0.1"
      }
    }
  },
  "dependencies": {
    "@khanacademy/mathjax-renderer": {
      "version": "git+ssh://git@github.com/Khan/mathjax-renderer.git#ea3507a6e037760874a5abb898f105add741934d",
      "from": "@khanacademy/mathjax-renderer@git+ssh://git@github.com:Khan/mathjax-renderer.git#v1.3.0",
      "requires": {
        "mathjax-full": "3.2.2",
        "mu-lambda": "^0.0.3"
      }
    },
    "ansi-regex": {
      "version": "2.1.1"
    },
    "ansi-styles": {
      "version": "2.2.1"
    },
    "argparse": {
      "version": "1.0.10",
      "requires": {
        "sprintf-js": "~1.0.2"
      }
    },
    "chalk": {
      "version": "1.1.3",
      "requires": {
        "ansi-styles": "^2.2.1",
        "escape-string-regexp": "^1.0.2",
        "has-ansi": "^2.0.0",
        "strip-ansi": "^3.0.0",
        "supports-color": "^2.0.0"
      }
    },
    "clap": {
      "version": "1.2.3",
      "requires": {
        "chalk": "^1.1.3"
      }
    },
    "coa": {
      "version": "1.0.4",
      "requires": {
        "q": "^1.1.2"
      }
    },
    "colors": {
      "version": "1.1.2"
    },
    "csso": {
      "version": "2.3.2",
      "requires": {
        "clap": "^1.0.9",
        "source-map": "^0.5.3"
      }
    },
    "escape-string-regexp": {
      "version": "1.0.5"
    },
    "esm": {
      "version": "3.2.25",
      "resolved": "https://registry.npmjs.org/esm/-/esm-3.2.25.tgz",
      "integrity": "sha512-U1suiZ2oDVWv4zPO56S0NcR5QriEahGtdN2OR6FiOG4WJvcjBVFB0qI4+eKoWFH483PKGuLuu6V8Z4T5g63UVA=="
    },
    "esprima": {
      "version": "2.7.3"
    },
    "has-ansi": {
      "version": "2.0.0",
      "requires": {
        "ansi-regex": "^2.0.0"
      }
    },
    "js-yaml": {
      "version": "3.7.0",
      "requires": {
        "argparse": "^1.0.7",
        "esprima": "^2.6.0"
      }
    },
    "mathjax-full": {
      "version": "3.2.2",
      "resolved": "https://registry.npmjs.org/mathjax-full/-/mathjax-full-3.2.2.tgz",
      "integrity": "sha512-+LfG9Fik+OuI8SLwsiR02IVdjcnRCy5MufYLi0C3TdMT56L/pjB0alMVGgoWJF8pN9Rc7FESycZB9BMNWIid5w==",
      "requires": {
        "esm": "^3.2.25",
        "mhchemparser": "^4.1.0",
        "mj-context-menu": "^0.6.1",
        "speech-rule-engine": "^4.0.6"
      }
    },
    "mhchemparser": {
      "version": "4.2.1",
      "resolved": "https://registry.npmjs.org/mhchemparser/-/mhchemparser-4.2.1.tgz",
      "integrity": "sha512-kYmyrCirqJf3zZ9t/0wGgRZ4/ZJw//VwaRVGA75C4nhE60vtnIzhl9J9ndkX/h6hxSN7pjg/cE0VxbnNM+bnDQ=="
    },
    "minimist": {
      "version": "1.2.8"
    },
    "mj-context-menu": {
      "version": "0.6.1",
      "resolved": "https://registry.npmjs.org/mj-context-menu/-/mj-context-menu-0.6.1.tgz",
      "integrity": "sha512-7NO5s6n10TIV96d4g2uDpG7ZDpIhMh0QNfGdJw/W47JswFcosz457wqz/b5sAKvl12sxINGFCn80NZHKwxQEXA=="
    },
    "mkdirp": {
      "version": "0.5.6",
      "requires": {
        "minimist": "^1.2.6"
      }
    },
    "mu-lambda": {
      "version": "0.0.3",
      "resolved": "https://registry.npmjs.org/mu-lambda/-/mu-lambda-0.0.3.tgz",
      "integrity": "sha512-t5mnn/RizL/UCERDxqFQyIEMhjAbq+xohNW/hZzL40NRxkhmXIlDyjK59tj41ltPgXOtpE/w1wAiqvnOhF13og=="
    },
    "q": {
      "version": "1.5.1"
    },
    "sax": {
      "version": "1.2.4"
    },
    "source-map": {
      "version": "0.5.7"
    },
    "speech-rule-engine": {
      "version": "4.0.7",
      "resolved": "https://registry.npmjs.org/speech-rule-engine/-/speech-rule-engine-4.0.7.tgz",
      "integrity": "sha512-sJrL3/wHzNwJRLBdf6CjJWIlxC04iYKkyXvYSVsWVOiC2DSkHmxsqOhEeMsBA9XK+CHuNcsdkbFDnoUfAsmp9g==",
      "requires": {
        "commander": "9.2.0",
        "wicked-good-xpath": "1.3.0",
        "xmldom-sre": "0.1.31"
      },
      "dependencies": {
        "commander": {
          "version": "9.2.0",
          "resolved": "https://registry.npmjs.org/commander/-/commander-9.2.0.tgz",
          "integrity": "sha512-e2i4wANQiSXgnrBlIatyHtP1odfUp0BbV5Y5nEGbxtIrStkEOAAzCUirvLBNXHLr7kwLvJl6V+4V3XV9x7Wd9w=="
        }
      }
    },
    "sprintf-js": {
      "version": "1.0.3"
    },
    "strip-ansi": {
      "version": "3.0.1",
      "requires": {
        "ansi-regex": "^2.0.0"
      }
    },
    "supports-color": {
      "version": "2.0.0"
    },
    "svgo": {
      "version": "0.7.2",
      "requires": {
        "coa": "~1.0.1",
        "colors": "~1.1.2",
        "csso": "~2.3.1",
        "js-yaml": "~3.7.0",
        "mkdirp": "~0.5.1",
        "sax": "~1.2.1",
        "whet.extend": "~0.9.9"
      }
    },
    "whet.extend": {
      "version": "0.9.9"
    },
    "wicked-good-xpath": {
      "version": "1.3.0",
      "resolved": "https://registry.npmjs.org/wicked-good-xpath/-/wicked-good-xpath-1.3.0.tgz",
      "integrity": "sha512-Gd9+TUn5nXdwj/hFsPVx5cuHHiF5Bwuc30jZ4+ronF1qHK5O7HD0sgmXWSEgwKquT3ClLoKPVbO6qGwVwLzvAw=="
    },
    "xmldom-sre": {
      "version": "0.1.31",
      "resolved": "https://registry.npmjs.org/xmldom-sre/-/xmldom-sre-0.1.31.tgz",
      "integrity": "sha512-f9s+fUkX04BxQf+7mMWAp5zk61pciie+fFLC9hX9UVvCeJQfNHRHXpeo5MPcR0EUf57PYLdt+ZO4f3Ipk2oZUw=="
    }
  }
}
